
Microsoft Visual Studio Solution File, Format Version 12.00
# Visual Studio Version 16
VisualStudioVersion = 16.0.29324.140
MinimumVisualStudioVersion = 10.0.40219.1
Project("{F184B08F-C81C-45F6-A57F-5ABD9991F28F}") = "calculadora 2", "calculadora 2.vbproj", "{4DA5694E-0395-4D6E-A509-3C02729D895A}"
EndProject
Global
	GlobalSection(SolutionConfigurationPlatforms) = preSolution
		Debug|Any CPU = Debug|Any CPU
		Release|Any CPU = Release|Any CPU
	EndGlobalSection
	GlobalSection(ProjectConfigurationPlatforms) = postSolution
		{4DA5694E-0395-4D6E-A509-3C02729D895A}.Debug|Any CPU.ActiveCfg = Debug|Any CPU
		{4DA5694E-0395-4D6E-A509-3C02729D895A}.Debug|Any CPU.Build.0 = Debug|Any CPU
		{4DA5694E-0395-4D6E-A509-3C02729D895A}.Release|Any CPU.ActiveCfg = Release|Any CPU
		{4DA5694E-0395-4D6E-A509-3C02729D895A}.Release|Any CPU.Build.0 = Release|Any CPU
	EndGlobalSection
	GlobalSection(SolutionProperties) = preSolution
		HideSolutionNode = FALSE
	EndGlobalSection
	GlobalSection(ExtensibilityGlobals) = postSolution
		SolutionGuid = {DF1551EB-1697-48C8-9CE7-967BE0F95E7B}
	EndGlobalSection
EndGlobal
